
Microsoft Visual Studio Solution File, Format Version 12.00
# Visual Studio Version 17
VisualStudioVersion = 17.8.34525.116
MinimumVisualStudioVersion = 10.0.40219.1
Project("{8BC9CEB8-8B4A-11D0-8D11-00A0C91BC942}") = "StaticLib_DNS", "StaticLib_DNS.vcxproj", "{5C813A6B-D792-4BDE-9B4A-B30533C45010}"
EndProject
Global
	GlobalSection(SolutionConfigurationPlatforms) = preSolution
		Debug|x64 = Debug|x64
		Debug|x86 = Debug|x86
		Release|x64 = Release|x64
		Release|x86 = Release|x86
	EndGlobalSection
	GlobalSection(ProjectConfigurationPlatforms) = postSolution
		{5C813A6B-D792-4BDE-9B4A-B30533C45010}.Debug|x64.ActiveCfg = Debug|x64
		{5C813A6B-D792-4BDE-9B4A-B30533C45010}.Debug|x64.Build.0 = Debug|x64
		{5C813A6B-D792-4BDE-9B4A-B30533C45010}.Debug|x86.ActiveCfg = Debug|Win32
		{5C813A6B-D792-4BDE-9B4A-B30533C45010}.Debug|x86.Build.0 = Debug|Win32
		{5C813A6B-D792-4BDE-9B4A-B30533C45010}.Release|x64.ActiveCfg = Release|x64
		{5C813A6B-D792-4BDE-9B4A-B30533C45010}.Release|x64.Build.0 = Release|x64
		{5C813A6B-D792-4BDE-9B4A-B30533C45010}.Release|x86.ActiveCfg = Release|Win32
		{5C813A6B-D792-4BDE-9B4A-B30533C45010}.Release|x86.Build.0 = Release|Win32
	EndGlobalSection
	GlobalSection(SolutionProperties) = preSolution
		HideSolutionNode = FALSE
	EndGlobalSection
	GlobalSection(ExtensibilityGlobals) = postSolution
		SolutionGuid = {60958585-9A02-44EC-A364-F8052BEC6237}
	EndGlobalSection
EndGlobal
